# This is a Gradle generated file for dependency locking.
# Manual edits can break the build and are not advised.
# This file is expected to be part of source control.
biz.aQute.bnd:biz.aQute.bnd.annotation:7.1.0=compileClasspath,testCompileClasspath
com.github.spotbugs:spotbugs-annotations:4.8.6=compileClasspath,testCompileClasspath
com.google.code.findbugs:jsr305:3.0.2=compileClasspath,testCompileClasspath
com.google.code.gson:gson:2.10.1=compileClasspath,runtimeClasspath,testCompileClasspath,testRuntimeClasspath
com.google.errorprone:error_prone_annotations:2.38.0=compileClasspath,testCompileClasspath
com.ibm.icu:icu4j:72.1=antlr,compileClasspath,runtimeClasspath,testCompileClasspath,testRuntimeClasspath
org.abego.treelayout:org.abego.treelayout.core:1.0.3=antlr,compileClasspath,runtimeClasspath,testCompileClasspath,testRuntimeClasspath
org.antlr:ST4:4.3.4=antlr,compileClasspath,runtimeClasspath,testCompileClasspath,testRuntimeClasspath
org.antlr:antlr-runtime:3.5.3=antlr,compileClasspath,runtimeClasspath,testCompileClasspath,testRuntimeClasspath
org.antlr:antlr4-runtime:4.13.1=antlr,compileClasspath,runtimeClasspath,testCompileClasspath,testRuntimeClasspath
org.antlr:antlr4:4.13.1=antlr,compileClasspath,runtimeClasspath,testCompileClasspath,testRuntimeClasspath
org.apache.logging.log4j:log4j-api:2.25.3=compileClasspath,runtimeClasspath,testCompileClasspath,testRuntimeClasspath
org.apache.logging.log4j:log4j-core:2.25.3=compileClasspath,runtimeClasspath,testCompileClasspath,testRuntimeClasspath
org.apache.logging.log4j:log4j-slf4j2-impl:2.25.1=compileClasspath,runtimeClasspath,testCompileClasspath,testRuntimeClasspath
org.apiguardian:apiguardian-api:1.1.2=testCompileClasspath
org.jetbrains:annotations:24.0.1=runtimeClasspath,testRuntimeClasspath
org.jspecify:jspecify:1.0.0=compileClasspath,testCompileClasspath
org.junit.jupiter:junit-jupiter-api:5.9.1=testCompileClasspath,testRuntimeClasspath
org.junit.jupiter:junit-jupiter-engine:5.9.1=testRuntimeClasspath
org.junit.jupiter:junit-jupiter-params:5.9.1=testCompileClasspath,testRuntimeClasspath
org.junit.jupiter:junit-jupiter:5.9.1=testCompileClasspath,testRuntimeClasspath
org.junit.platform:junit-platform-commons:1.9.1=testCompileClasspath,testRuntimeClasspath
org.junit.platform:junit-platform-engine:1.9.1=testRuntimeClasspath
org.junit:junit-bom:5.9.1=testCompileClasspath,testRuntimeClasspath
org.opentest4j:opentest4j:1.2.0=testCompileClasspath,testRuntimeClasspath
org.osgi:org.osgi.annotation.bundle:2.0.0=compileClasspath,testCompileClasspath
org.osgi:org.osgi.annotation.versioning:1.1.2=compileClasspath,testCompileClasspath
org.osgi:org.osgi.resource:1.0.0=compileClasspath,testCompileClasspath
org.osgi:org.osgi.service.serviceloader:1.0.0=compileClasspath,testCompileClasspath
org.slf4j:slf4j-api:2.0.17=compileClasspath,runtimeClasspath,testCompileClasspath,testRuntimeClasspath
empty=annotationProcessor,cyclonedxBom,generatedAnnotationProcessor,generatedCompileClasspath,generatedRuntimeClasspath,testAnnotationProcessor
